
Microsoft Visual Studio Solution File, Format Version 12.00
# Visual Studio Version 17
VisualStudioVersion = 17.14.36327.8 d17.14
MinimumVisualStudioVersion = 10.0.40219.1
Project("{8BC9CEB8-8B4A-11D0-8D11-00A0C91BC942}") = "LAB601", "LAB601\LAB601.vcxproj", "{5D3A0032-CE72-418A-BC14-1B1903098073}"
EndProject
Project("{8BC9CEB8-8B4A-11D0-8D11-00A0C91BC942}") = "LAB602", "LAB602\LAB602.vcxproj", "{13C2AF5E-641A-4F56-8168-F1A346F8455D}"
EndProject
Project("{8BC9CEB8-8B4A-11D0-8D11-00A0C91BC942}") = "LAB603", "LAB603\LAB603.vcxproj", "{66FF2B90-4FFC-4946-AB77-A6733108DA13}"
EndProject
Project("{8BC9CEB8-8B4A-11D0-8D11-00A0C91BC942}") = "LAB604", "LAB604\LAB604.vcxproj", "{7E8D6D45-6650-479B-AA67-38EC9043AB4F}"
EndProject
Global
	GlobalSection(SolutionConfigurationPlatforms) = preSolution
		Debug|x64 = Debug|x64
		Debug|x86 = Debug|x86
		Release|x64 = Release|x64
		Release|x86 = Release|x86
	EndGlobalSection
	GlobalSection(ProjectConfigurationPlatforms) = postSolution
		{5D3A0032-CE72-418A-BC14-1B1903098073}.Debug|x64.ActiveCfg = Debug|x64
		{5D3A0032-CE72-418A-BC14-1B1903098073}.Debug|x64.Build.0 = Debug|x64
		{5D3A0032-CE72-418A-BC14-1B1903098073}.Debug|x86.ActiveCfg = Debug|Win32
		{5D3A0032-CE72-418A-BC14-1B1903098073}.Debug|x86.Build.0 = Debug|Win32
		{5D3A0032-CE72-418A-BC14-1B1903098073}.Release|x64.ActiveCfg = Release|x64
		{5D3A0032-CE72-418A-BC14-1B1903098073}.Release|x64.Build.0 = Release|x64
		{5D3A0032-CE72-418A-BC14-1B1903098073}.Release|x86.ActiveCfg = Release|Win32
		{5D3A0032-CE72-418A-BC14-1B1903098073}.Release|x86.Build.0 = Release|Win32
		{13C2AF5E-641A-4F56-8168-F1A346F8455D}.Debug|x64.ActiveCfg = Debug|x64
		{13C2AF5E-641A-4F56-8168-F1A346F8455D}.Debug|x64.Build.0 = Debug|x64
		{13C2AF5E-641A-4F56-8168-F1A346F8455D}.Debug|x86.ActiveCfg = Debug|Win32
		{13C2AF5E-641A-4F56-8168-F1A346F8455D}.Debug|x86.Build.0 = Debug|Win32
		{13C2AF5E-641A-4F56-8168-F1A346F8455D}.Release|x64.ActiveCfg = Release|x64
		{13C2AF5E-641A-4F56-8168-F1A346F8455D}.Release|x64.Build.0 = Release|x64
		{13C2AF5E-641A-4F56-8168-F1A346F8455D}.Release|x86.ActiveCfg = Release|Win32
		{13C2AF5E-641A-4F56-8168-F1A346F8455D}.Release|x86.Build.0 = Release|Win32
		{66FF2B90-4FFC-4946-AB77-A6733108DA13}.Debug|x64.ActiveCfg = Debug|x64
		{66FF2B90-4FFC-4946-AB77-A6733108DA13}.Debug|x64.Build.0 = Debug|x64
		{66FF2B90-4FFC-4946-AB77-A6733108DA13}.Debug|x86.ActiveCfg = Debug|Win32
		{66FF2B90-4FFC-4946-AB77-A6733108DA13}.Debug|x86.Build.0 = Debug|Win32
		{66FF2B90-4FFC-4946-AB77-A6733108DA13}.Release|x64.ActiveCfg = Release|x64
		{66FF2B90-4FFC-4946-AB77-A6733108DA13}.Release|x64.Build.0 = Release|x64
		{66FF2B90-4FFC-4946-AB77-A6733108DA13}.Release|x86.ActiveCfg = Release|Win32
		{66FF2B90-4FFC-4946-AB77-A6733108DA13}.Release|x86.Build.0 = Release|Win32
		{7E8D6D45-6650-479B-AA67-38EC9043AB4F}.Debug|x64.ActiveCfg = Debug|x64
		{7E8D6D45-6650-479B-AA67-38EC9043AB4F}.Debug|x64.Build.0 = Debug|x64
		{7E8D6D45-6650-479B-AA67-38EC9043AB4F}.Debug|x86.ActiveCfg = Debug|Win32
		{7E8D6D45-6650-479B-AA67-38EC9043AB4F}.Debug|x86.Build.0 = Debug|Win32
		{7E8D6D45-6650-479B-AA67-38EC9043AB4F}.Release|x64.ActiveCfg = Release|x64
		{7E8D6D45-6650-479B-AA67-38EC9043AB4F}.Release|x64.Build.0 = Release|x64
		{7E8D6D45-6650-479B-AA67-38EC9043AB4F}.Release|x86.ActiveCfg = Release|Win32
		{7E8D6D45-6650-479B-AA67-38EC9043AB4F}.Release|x86.Build.0 = Release|Win32
	EndGlobalSection
	GlobalSection(SolutionProperties) = preSolution
		HideSolutionNode = FALSE
	EndGlobalSection
	GlobalSection(ExtensibilityGlobals) = postSolution
		SolutionGuid = {BE5DB154-3618-4580-A793-53030BDB50EF}
	EndGlobalSection
EndGlobal
