
Microsoft Visual Studio Solution File, Format Version 12.00
# Visual Studio Version 17
VisualStudioVersion = 17.14.36327.8 d17.14
MinimumVisualStudioVersion = 10.0.40219.1
Project("{8BC9CEB8-8B4A-11D0-8D11-00A0C91BC942}") = "LAB801", "LAB801\LAB801.vcxproj", "{1039FEBB-A77D-46E6-873E-577AAC991DEF}"
EndProject
Project("{8BC9CEB8-8B4A-11D0-8D11-00A0C91BC942}") = "LAB802", "LAB802\LAB802.vcxproj", "{3EDD27D5-A65A-4492-97FB-7E887421075F}"
EndProject
Project("{8BC9CEB8-8B4A-11D0-8D11-00A0C91BC942}") = "LAB803", "LAB803\LAB803.vcxproj", "{8DBD72E7-3863-49A9-B6A6-5CB9C4E4CFB0}"
EndProject
Project("{8BC9CEB8-8B4A-11D0-8D11-00A0C91BC942}") = "LAB804", "LAB804\LAB804.vcxproj", "{B7CC14AE-B006-4BF4-9BAD-02A708CEC800}"
EndProject
Project("{8BC9CEB8-8B4A-11D0-8D11-00A0C91BC942}") = "LAB805", "LAB805\LAB805.vcxproj", "{FB7585A9-182A-4E7D-8897-9038DC91D750}"
EndProject
Project("{8BC9CEB8-8B4A-11D0-8D11-00A0C91BC942}") = "LAB806", "LAB806\LAB806.vcxproj", "{1BDA0734-0F81-414F-A801-B2F1495FA1F1}"
EndProject
Global
	GlobalSection(SolutionConfigurationPlatforms) = preSolution
		Debug|x64 = Debug|x64
		Debug|x86 = Debug|x86
		Release|x64 = Release|x64
		Release|x86 = Release|x86
	EndGlobalSection
	GlobalSection(ProjectConfigurationPlatforms) = postSolution
		{1039FEBB-A77D-46E6-873E-577AAC991DEF}.Debug|x64.ActiveCfg = Debug|x64
		{1039FEBB-A77D-46E6-873E-577AAC991DEF}.Debug|x64.Build.0 = Debug|x64
		{1039FEBB-A77D-46E6-873E-577AAC991DEF}.Debug|x86.ActiveCfg = Debug|Win32
		{1039FEBB-A77D-46E6-873E-577AAC991DEF}.Debug|x86.Build.0 = Debug|Win32
		{1039FEBB-A77D-46E6-873E-577AAC991DEF}.Release|x64.ActiveCfg = Release|x64
		{1039FEBB-A77D-46E6-873E-577AAC991DEF}.Release|x64.Build.0 = Release|x64
		{1039FEBB-A77D-46E6-873E-577AAC991DEF}.Release|x86.ActiveCfg = Release|Win32
		{1039FEBB-A77D-46E6-873E-577AAC991DEF}.Release|x86.Build.0 = Release|Win32
		{3EDD27D5-A65A-4492-97FB-7E887421075F}.Debug|x64.ActiveCfg = Debug|x64
		{3EDD27D5-A65A-4492-97FB-7E887421075F}.Debug|x64.Build.0 = Debug|x64
		{3EDD27D5-A65A-4492-97FB-7E887421075F}.Debug|x86.ActiveCfg = Debug|Win32
		{3EDD27D5-A65A-4492-97FB-7E887421075F}.Debug|x86.Build.0 = Debug|Win32
		{3EDD27D5-A65A-4492-97FB-7E887421075F}.Release|x64.ActiveCfg = Release|x64
		{3EDD27D5-A65A-4492-97FB-7E887421075F}.Release|x64.Build.0 = Release|x64
		{3EDD27D5-A65A-4492-97FB-7E887421075F}.Release|x86.ActiveCfg = Release|Win32
		{3EDD27D5-A65A-4492-97FB-7E887421075F}.Release|x86.Build.0 = Release|Win32
		{8DBD72E7-3863-49A9-B6A6-5CB9C4E4CFB0}.Debug|x64.ActiveCfg = Debug|x64
		{8DBD72E7-3863-49A9-B6A6-5CB9C4E4CFB0}.Debug|x64.Build.0 = Debug|x64
		{8DBD72E7-3863-49A9-B6A6-5CB9C4E4CFB0}.Debug|x86.ActiveCfg = Debug|Win32
		{8DBD72E7-3863-49A9-B6A6-5CB9C4E4CFB0}.Debug|x86.Build.0 = Debug|Win32
		{8DBD72E7-3863-49A9-B6A6-5CB9C4E4CFB0}.Release|x64.ActiveCfg = Release|x64
		{8DBD72E7-3863-49A9-B6A6-5CB9C4E4CFB0}.Release|x64.Build.0 = Release|x64
		{8DBD72E7-3863-49A9-B6A6-5CB9C4E4CFB0}.Release|x86.ActiveCfg = Release|Win32
		{8DBD72E7-3863-49A9-B6A6-5CB9C4E4CFB0}.Release|x86.Build.0 = Release|Win32
		{B7CC14AE-B006-4BF4-9BAD-02A708CEC800}.Debug|x64.ActiveCfg = Debug|x64
		{B7CC14AE-B006-4BF4-9BAD-02A708CEC800}.Debug|x64.Build.0 = Debug|x64
		{B7CC14AE-B006-4BF4-9BAD-02A708CEC800}.Debug|x86.ActiveCfg = Debug|Win32
		{B7CC14AE-B006-4BF4-9BAD-02A708CEC800}.Debug|x86.Build.0 = Debug|Win32
		{B7CC14AE-B006-4BF4-9BAD-02A708CEC800}.Release|x64.ActiveCfg = Release|x64
		{B7CC14AE-B006-4BF4-9BAD-02A708CEC800}.Release|x64.Build.0 = Release|x64
		{B7CC14AE-B006-4BF4-9BAD-02A708CEC800}.Release|x86.ActiveCfg = Release|Win32
		{B7CC14AE-B006-4BF4-9BAD-02A708CEC800}.Release|x86.Build.0 = Release|Win32
		{FB7585A9-182A-4E7D-8897-9038DC91D750}.Debug|x64.ActiveCfg = Debug|x64
		{FB7585A9-182A-4E7D-8897-9038DC91D750}.Debug|x64.Build.0 = Debug|x64
		{FB7585A9-182A-4E7D-8897-9038DC91D750}.Debug|x86.ActiveCfg = Debug|Win32
		{FB7585A9-182A-4E7D-8897-9038DC91D750}.Debug|x86.Build.0 = Debug|Win32
		{FB7585A9-182A-4E7D-8897-9038DC91D750}.Release|x64.ActiveCfg = Release|x64
		{FB7585A9-182A-4E7D-8897-9038DC91D750}.Release|x64.Build.0 = Release|x64
		{FB7585A9-182A-4E7D-8897-9038DC91D750}.Release|x86.ActiveCfg = Release|Win32
		{FB7585A9-182A-4E7D-8897-9038DC91D750}.Release|x86.Build.0 = Release|Win32
		{1BDA0734-0F81-414F-A801-B2F1495FA1F1}.Debug|x64.ActiveCfg = Debug|x64
		{1BDA0734-0F81-414F-A801-B2F1495FA1F1}.Debug|x64.Build.0 = Debug|x64
		{1BDA0734-0F81-414F-A801-B2F1495FA1F1}.Debug|x86.ActiveCfg = Debug|Win32
		{1BDA0734-0F81-414F-A801-B2F1495FA1F1}.Debug|x86.Build.0 = Debug|Win32
		{1BDA0734-0F81-414F-A801-B2F1495FA1F1}.Release|x64.ActiveCfg = Release|x64
		{1BDA0734-0F81-414F-A801-B2F1495FA1F1}.Release|x64.Build.0 = Release|x64
		{1BDA0734-0F81-414F-A801-B2F1495FA1F1}.Release|x86.ActiveCfg = Release|Win32
		{1BDA0734-0F81-414F-A801-B2F1495FA1F1}.Release|x86.Build.0 = Release|Win32
	EndGlobalSection
	GlobalSection(SolutionProperties) = preSolution
		HideSolutionNode = FALSE
	EndGlobalSection
	GlobalSection(ExtensibilityGlobals) = postSolution
		SolutionGuid = {999B0D9B-35B5-45A8-9C3A-6753F2B010C0}
	EndGlobalSection
EndGlobal
